PODS:
  - MarkdownKit (1.1.0)
  - Nimble (3.2.0)
  - Quick (0.9.3)

DEPENDENCIES:
  - MarkdownKit (from `../`)
  - Nimble (~> 3.0)
  - Quick (~> 0.8)

EXTERNAL SOURCES:
  MarkdownKit:
    :path: "../"

SPEC CHECKSUMS:
  MarkdownKit: 60d759cd14169144e4b159cb34312f8a5dd77570
  Nimble: 703854335d181df169bbca9c97117b5cf8c47c1d
  Quick: 13a2a2b19a5d8e3ed4fd0c36ee46597fd77ebf71

PODFILE CHECKSUM: b99e09dcfebd043c1f3f1aabc5371a029e795761

COCOAPODS: 1.2.0.beta.3
